// !$*UTF8*$!
{
	archiveVersion = 1;
	classes = {
	};
	objectVersion = 46;
	objects = {

/* Begin PBXBuildFile section */
		6233BB7B1A21AB7500279A35 /* AppDelegate.swift in Sources */ = {isa = PBXBuildFile; fileRef = 6233BB7A1A21AB7500279A35 /* AppDelegate.swift */; };
		6233BB7D1A21AB7500279A35 /* ViewController.swift in Sources */ = {isa = PBXBuildFile; fileRef = 6233BB7C1A21AB7500279A35 /* ViewController.swift */; };
		6233BB801A21AB7500279A35 /* Main.storyboard in Resources */ = {isa = PBXBuildFile; fileRef = 6233BB7E1A21AB7500279A35 /* Main.storyboard */; };
		6233BB821A21AB7500279A35 /* Images.xcassets in Resources */ = {isa = PBXBuildFile; fileRef = 6233BB811A21AB7500279A35 /* Images.xcassets */; };
		6233BB851A21AB7500279A35 /* LaunchScreen.xib in Resources */ = {isa = PBXBuildFile; fileRef = 6233BB831A21AB7500279A35 /* LaunchScreen.xib */; };
		6233BB911A21AB7500279A35 /* ScrollForSushiTests.swift in Sources */ = {isa = PBXBuildFile; fileRef = 6233BB901A21AB7500279A35 /* ScrollForSushiTests.swift */; };
		6233BBE71A21C47100279A35 /* WatchKit.framework in Frameworks */ = {isa = PBXBuildFile; fileRef = 6233BBE61A21C47100279A35 /* WatchKit.framework */; };
		6233BBED1A21C47100279A35 /* InterfaceController.swift in Sources */ = {isa = PBXBuildFile; fileRef = 6233BBEC1A21C47100279A35 /* InterfaceController.swift */; };
		6233BBEF1A21C47100279A35 /* NotificationController.swift in Sources */ = {isa = PBXBuildFile; fileRef = 6233BBEE1A21C47100279A35 /* NotificationController.swift */; };
		6233BBF11A21C47100279A35 /* Images.xcassets in Resources */ = {isa = PBXBuildFile; fileRef = 6233BBF01A21C47100279A35 /* Images.xcassets */; };
		6233BBF51A21C47100279A35 /* ScrollForSushi Watch App.app in Resources */ = {isa = PBXBuildFile; fileRef = 6233BBF41A21C47100279A35 /* ScrollForSushi Watch App.app */; };
		6233BBFC1A21C47100279A35 /* Interface.storyboard in Resources */ = {isa = PBXBuildFile; fileRef = 6233BBFB1A21C47100279A35 /* Interface.storyboard */; };
		6233BBFE1A21C47100279A35 /* Images.xcassets in Resources */ = {isa = PBXBuildFile; fileRef = 6233BBFD1A21C47100279A35 /* Images.xcassets */; };
		6233BC011A21C47100279A35 /* ScrollForSushi WatchKit Extension.appex in Embed App Extensions */ = {isa = PBXBuildFile; fileRef = 6233BBE41A21C47100279A35 /* ScrollForSushi WatchKit Extension.appex */; settings = {ATTRIBUTES = (RemoveHeadersOnCopy, ); }; };
		6233BC0A1A21C64A00279A35 /* User.swift in Sources */ = {isa = PBXBuildFile; fileRef = 6233BC091A21C64A00279A35 /* User.swift */; };
		6233BC101A21C8D200279A35 /* HomeViewController.swift in Sources */ = {isa = PBXBuildFile; fileRef = 6233BC0F1A21C8D200279A35 /* HomeViewController.swift */; };
		62A6F25C1A21E59700EDCB8B /* .gitignore in Resources */ = {isa = PBXBuildFile; fileRef = 62A6F2481A21E59600EDCB8B /* .gitignore */; };
		62A6F25D1A21E59700EDCB8B /* extensions.swift in Sources */ = {isa = PBXBuildFile; fileRef = 62A6F24A1A21E59600EDCB8B /* extensions.swift */; };
		62A6F25E1A21E59700EDCB8B /* Info.plist in Resources */ = {isa = PBXBuildFile; fileRef = 62A6F24B1A21E59700EDCB8B /* Info.plist */; };
		62A6F25F1A21E59700EDCB8B /* OAuth2.swift in Sources */ = {isa = PBXBuildFile; fileRef = 62A6F24D1A21E59700EDCB8B /* OAuth2.swift */; };
		62A6F2601A21E59700EDCB8B /* OAuth2CodeGrant.swift in Sources */ = {isa = PBXBuildFile; fileRef = 62A6F24E1A21E59700EDCB8B /* OAuth2CodeGrant.swift */; };
		62A6F2611A21E59700EDCB8B /* OAuth2ImplicitGrant.swift in Sources */ = {isa = PBXBuildFile; fileRef = 62A6F24F1A21E59700EDCB8B /* OAuth2ImplicitGrant.swift */; };
		62A6F2621A21E59700EDCB8B /* OAuth2Request.swift in Sources */ = {isa = PBXBuildFile; fileRef = 62A6F2501A21E59700EDCB8B /* OAuth2Request.swift */; };
		62A6F2631A21E59700EDCB8B /* OAuth2WebViewController.swift in Sources */ = {isa = PBXBuildFile; fileRef = 62A6F2511A21E59700EDCB8B /* OAuth2WebViewController.swift */; };
		62A6F2641A21E59700EDCB8B /* Info.plist in Resources */ = {isa = PBXBuildFile; fileRef = 62A6F2531A21E59700EDCB8B /* Info.plist */; };
		62A6F2651A21E59700EDCB8B /* OAuth2_tests.swift in Sources */ = {isa = PBXBuildFile; fileRef = 62A6F2541A21E59700EDCB8B /* OAuth2_tests.swift */; };
		62A6F2661A21E59700EDCB8B /* OAuth2CodeGrant_tests.swift in Sources */ = {isa = PBXBuildFile; fileRef = 62A6F2551A21E59700EDCB8B /* OAuth2CodeGrant_tests.swift */; };
		62A6F2671A21E59700EDCB8B /* OAuth2.xcworkspace in Resources */ = {isa = PBXBuildFile; fileRef = 62A6F2591A21E59700EDCB8B /* OAuth2.xcworkspace */; };
		62A6F2681A21E59700EDCB8B /* README.md in Sources */ = {isa = PBXBuildFile; fileRef = 62A6F25B1A21E59700EDCB8B /* README.md */; };
/* End PBXBuildFile section */

/* Begin PBXContainerItemProxy section */
		6233BB8B1A21AB7500279A35 /* PBXContainerItemProxy */ = {
			isa = PBXContainerItemProxy;
			containerPortal = 6233BB6D1A21AB7500279A35 /* Project object */;
			proxyType = 1;
			remoteGlobalIDString = 6233BB741A21AB7500279A35;
			remoteInfo = ScrollForSushi;
		};
		6233BBF61A21C47100279A35 /* PBXContainerItemProxy */ = {
			isa = PBXContainerItemProxy;
			containerPortal = 6233BB6D1A21AB7500279A35 /* Project object */;
			proxyType = 1;
			remoteGlobalIDString = 6233BBF31A21C47100279A35;
			remoteInfo = "ScrollForSushi Watch App";
		};
		6233BBFF1A21C47100279A35 /* PBXContainerItemProxy */ = {
			isa = PBXContainerItemProxy;
			containerPortal = 6233BB6D1A21AB7500279A35 /* Project object */;
			proxyType = 1;
			remoteGlobalIDString = 6233BBE31A21C47100279A35;
			remoteInfo = "ScrollForSushi WatchKit Extension";
		};
		62A6F26C1A21E59700EDCB8B /* PBXContainerItemProxy */ = {
			isa = PBXContainerItemProxy;
			containerPortal = 62A6F2561A21E59700EDCB8B /* OAuth2.xcodeproj */;
			proxyType = 2;
			remoteGlobalIDString = EEE209471942772800736F1A;
			remoteInfo = OAuth2;
		};
		62A6F26E1A21E59700EDCB8B /* PBXContainerItemProxy */ = {
			isa = PBXContainerItemProxy;
			containerPortal = 62A6F2561A21E59700EDCB8B /* OAuth2.xcodeproj */;
			proxyType = 2;
			remoteGlobalIDString = EEDB8624193FAAE500C4EEA1;
			remoteInfo = OAuth2iOS;
		};
		62A6F2701A21E59700EDCB8B /* PBXContainerItemProxy */ = {
			isa = PBXContainerItemProxy;
			containerPortal = 62A6F2561A21E59700EDCB8B /* OAuth2.xcodeproj */;
			proxyType = 2;
			remoteGlobalIDString = EEE209A219427DFE00736F1A;
			remoteInfo = "OAuth2 Tests";
		};
/* End PBXContainerItemProxy section */

/* Begin PBXCopyFilesBuildPhase section */
		6233BC081A21C47100279A35 /* Embed App Extensions */ = {
			isa = PBXCopyFilesBuildPhase;
			buildActionMask = 2147483647;
			dstPath = "";
			dstSubfolderSpec = 13;
			files = (
				6233BC011A21C47100279A35 /* ScrollForSushi WatchKit Extension.appex in Embed App Extensions */,
			);
			name = "Embed App Extensions";
			runOnlyForDeploymentPostprocessing = 0;
		};
/* End PBXCopyFilesBuildPhase section */

/* Begin PBXFileReference section */
		6233BB751A21AB7500279A35 /* ScrollForSushi.app */ = {isa = PBXFileReference; explicitFileType = wrapper.application; includeInIndex = 0; path = ScrollForSushi.app; sourceTree = BUILT_PRODUCTS_DIR; };
		6233BB791A21AB7500279A35 /* Info.plist */ = {isa = PBXFileReference; lastKnownFileType = text.plist.xml; path = Info.plist; sourceTree = "<group>"; };
		6233BB7A1A21AB7500279A35 /* AppDelegate.swift */ = {isa = PBXFileReference; lastKnownFileType = sourcecode.swift; path = AppDelegate.swift; sourceTree = "<group>"; };
		6233BB7C1A21AB7500279A35 /* ViewController.swift */ = {isa = PBXFileReference; lastKnownFileType = sourcecode.swift; path = ViewController.swift; sourceTree = "<group>"; };
		6233BB7F1A21AB7500279A35 /* Base */ = {isa = PBXFileReference; lastKnownFileType = file.storyboard; name = Base; path = Base.lproj/Main.storyboard; sourceTree = "<group>"; };
		6233BB811A21AB7500279A35 /* Images.xcassets */ = {isa = PBXFileReference; lastKnownFileType = folder.assetcatalog; path = Images.xcassets; sourceTree = "<group>"; };
		6233BB841A21AB7500279A35 /* Base */ = {isa = PBXFileReference; lastKnownFileType = file.xib; name = Base; path = Base.lproj/LaunchScreen.xib; sourceTree = "<group>"; };
		6233BB8A1A21AB7500279A35 /* ScrollForSushiTests.xctest */ = {isa = PBXFileReference; explicitFileType = wrapper.cfbundle; includeInIndex = 0; path = ScrollForSushiTests.xctest; sourceTree = BUILT_PRODUCTS_DIR; };
		6233BB8F1A21AB7500279A35 /* Info.plist */ = {isa = PBXFileReference; lastKnownFileType = text.plist.xml; path = Info.plist; sourceTree = "<group>"; };
		6233BB901A21AB7500279A35 /* ScrollForSushiTests.swift */ = {isa = PBXFileReference; lastKnownFileType = sourcecode.swift; path = ScrollForSushiTests.swift; sourceTree = "<group>"; };
		6233BBE41A21C47100279A35 /* ScrollForSushi WatchKit Extension.appex */ = {isa = PBXFileReference; explicitFileType = "wrapper.app-extension"; includeInIndex = 0; path = "ScrollForSushi WatchKit Extension.appex"; sourceTree = BUILT_PRODUCTS_DIR; };
		6233BBE61A21C47100279A35 /* WatchKit.framework */ = {isa = PBXFileReference; lastKnownFileType = wrapper.framework; name = WatchKit.framework; path = System/Library/Frameworks/WatchKit.framework; sourceTree = SDKROOT; };
		6233BBEA1A21C47100279A35 /* Info.plist */ = {isa = PBXFileReference; lastKnownFileType = text.plist.xml; path = Info.plist; sourceTree = "<group>"; };
		6233BBEB1A21C47100279A35 /* PushNotificationPayload.json */ = {isa = PBXFileReference; lastKnownFileType = text.json; path = PushNotificationPayload.json; sourceTree = "<group>"; };
		6233BBEC1A21C47100279A35 /* InterfaceController.swift */ = {isa = PBXFileReference; lastKnownFileType = sourcecode.swift; path = InterfaceController.swift; sourceTree = "<group>"; };
		6233BBEE1A21C47100279A35 /* NotificationController.swift */ = {isa = PBXFileReference; lastKnownFileType = sourcecode.swift; path = NotificationController.swift; sourceTree = "<group>"; };
		6233BBF01A21C47100279A35 /* Images.xcassets */ = {isa = PBXFileReference; lastKnownFileType = folder.assetcatalog; path = Images.xcassets; sourceTree = "<group>"; };
		6233BBF41A21C47100279A35 /* ScrollForSushi Watch App.app */ = {isa = PBXFileReference; explicitFileType = wrapper.application; includeInIndex = 0; path = "ScrollForSushi Watch App.app"; sourceTree = BUILT_PRODUCTS_DIR; };
		6233BBFA1A21C47100279A35 /* Info.plist */ = {isa = PBXFileReference; lastKnownFileType = text.plist.xml; path = Info.plist; sourceTree = "<group>"; };
		6233BBFB1A21C47100279A35 /* Interface.storyboard */ = {isa = PBXFileReference; lastKnownFileType = file.storyboard; path = Interface.storyboard; sourceTree = "<group>"; };
		6233BBFD1A21C47100279A35 /* Images.xcassets */ = {isa = PBXFileReference; lastKnownFileType = folder.assetcatalog; path = Images.xcassets; sourceTree = "<group>"; };
		6233BC091A21C64A00279A35 /* User.swift */ = {isa = PBXFileReference; fileEncoding = 4; lastKnownFileType = sourcecode.swift; path = User.swift; sourceTree = "<group>"; };
		6233BC0F1A21C8D200279A35 /* HomeViewController.swift */ = {isa = PBXFileReference; fileEncoding = 4; lastKnownFileType = sourcecode.swift; path = HomeViewController.swift; sourceTree = "<group>"; };
		62A6F2481A21E59600EDCB8B /* .gitignore */ = {isa = PBXFileReference; fileEncoding = 4; lastKnownFileType = text; path = .gitignore; sourceTree = "<group>"; };
		62A6F24A1A21E59600EDCB8B /* extensions.swift */ = {isa = PBXFileReference; fileEncoding = 4; lastKnownFileType = sourcecode.swift; path = extensions.swift; sourceTree = "<group>"; };
		62A6F24B1A21E59700EDCB8B /* Info.plist */ = {isa = PBXFileReference; fileEncoding = 4; lastKnownFileType = text.plist.xml; path = Info.plist; sourceTree = "<group>"; };
		62A6F24C1A21E59700EDCB8B /* OAuth2.h */ = {isa = PBXFileReference; fileEncoding = 4; lastKnownFileType = sourcecode.c.h; path = OAuth2.h; sourceTree = "<group>"; };
		62A6F24D1A21E59700EDCB8B /* OAuth2.swift */ = {isa = PBXFileReference; fileEncoding = 4; lastKnownFileType = sourcecode.swift; path = OAuth2.swift; sourceTree = "<group>"; };
		62A6F24E1A21E59700EDCB8B /* OAuth2CodeGrant.swift */ = {isa = PBXFileReference; fileEncoding = 4; lastKnownFileType = sourcecode.swift; path = OAuth2CodeGrant.swift; sourceTree = "<group>"; };
		62A6F24F1A21E59700EDCB8B /* OAuth2ImplicitGrant.swift */ = {isa = PBXFileReference; fileEncoding = 4; lastKnownFileType = sourcecode.swift; path = OAuth2ImplicitGrant.swift; sourceTree = "<group>"; };
		62A6F2501A21E59700EDCB8B /* OAuth2Request.swift */ = {isa = PBXFileReference; fileEncoding = 4; lastKnownFileType = sourcecode.swift; path = OAuth2Request.swift; sourceTree = "<group>"; };
		62A6F2511A21E59700EDCB8B /* OAuth2WebViewController.swift */ = {isa = PBXFileReference; fileEncoding = 4; lastKnownFileType = sourcecode.swift; path = OAuth2WebViewController.swift; sourceTree = "<group>"; };
		62A6F2531A21E59700EDCB8B /* Info.plist */ = {isa = PBXFileReference; fileEncoding = 4; lastKnownFileType = text.plist.xml; path = Info.plist; sourceTree = "<group>"; };
		62A6F2541A21E59700EDCB8B /* OAuth2_tests.swift */ = {isa = PBXFileReference; fileEncoding = 4; lastKnownFileType = sourcecode.swift; path = OAuth2_tests.swift; sourceTree = "<group>"; };
		62A6F2551A21E59700EDCB8B /* OAuth2CodeGrant_tests.swift */ = {isa = PBXFileReference; fileEncoding = 4; lastKnownFileType = sourcecode.swift; path = OAuth2CodeGrant_tests.swift; sourceTree = "<group>"; };
		62A6F2561A21E59700EDCB8B /* OAuth2.xcodeproj */ = {isa = PBXFileReference; lastKnownFileType = "wrapper.pb-project"; path = OAuth2.xcodeproj; sourceTree = "<group>"; };
		62A6F2591A21E59700EDCB8B /* OAuth2.xcworkspace */ = {isa = PBXFileReference; lastKnownFileType = wrapper.workspace; path = OAuth2.xcworkspace; sourceTree = "<group>"; };
		62A6F25A1A21E59700EDCB8B /* OSX.playground */ = {isa = PBXFileReference; lastKnownFileType = file.playground; path = OSX.playground; sourceTree = "<group>"; };
		62A6F25B1A21E59700EDCB8B /* README.md */ = {isa = PBXFileReference; fileEncoding = 4; lastKnownFileType = net.daringfireball.markdown; path = README.md; sourceTree = "<group>"; };
/* End PBXFileReference section */

/* Begin PBXFrameworksBuildPhase section */
		6233BB721A21AB7500279A35 /* Frameworks */ = {
			isa = PBXFrameworksBuildPhase;
			buildActionMask = 2147483647;
			files = (
			);
			runOnlyForDeploymentPostprocessing = 0;
		};
		6233BB871A21AB7500279A35 /* Frameworks */ = {
			isa = PBXFrameworksBuildPhase;
			buildActionMask = 2147483647;
			files = (
			);
			runOnlyForDeploymentPostprocessing = 0;
		};
		6233BBE11A21C47100279A35 /* Frameworks */ = {
			isa = PBXFrameworksBuildPhase;
			buildActionMask = 2147483647;
			files = (
				6233BBE71A21C47100279A35 /* WatchKit.framework in Frameworks */,
			);
			runOnlyForDeploymentPostprocessing = 0;
		};
/* End PBXFrameworksBuildPhase section */

/* Begin PBXGroup section */
		6233BB6C1A21AB7500279A35 = {
			isa = PBXGroup;
			children = (
				6233BB771A21AB7500279A35 /* ScrollForSushi */,
				6233BB8D1A21AB7500279A35 /* ScrollForSushiTests */,
				6233BBE81A21C47100279A35 /* ScrollForSushi WatchKit Extension */,
				6233BBF81A21C47100279A35 /* ScrollForSushi Watch App */,
				6233BBE51A21C47100279A35 /* Frameworks */,
				6233BB761A21AB7500279A35 /* Products */,
				62A6F2471A21E59600EDCB8B /* OAuth2 */,
			);
			sourceTree = "<group>";
		};
		6233BB761A21AB7500279A35 /* Products */ = {
			isa = PBXGroup;
			children = (
				6233BB751A21AB7500279A35 /* ScrollForSushi.app */,
				6233BB8A1A21AB7500279A35 /* ScrollForSushiTests.xctest */,
				6233BBE41A21C47100279A35 /* ScrollForSushi WatchKit Extension.appex */,
				6233BBF41A21C47100279A35 /* ScrollForSushi Watch App.app */,
			);
			name = Products;
			sourceTree = "<group>";
		};
		6233BB771A21AB7500279A35 /* ScrollForSushi */ = {
			isa = PBXGroup;
			children = (
				6233BB7A1A21AB7500279A35 /* AppDelegate.swift */,
				6233BB7C1A21AB7500279A35 /* ViewController.swift */,
				6233BB7E1A21AB7500279A35 /* Main.storyboard */,
				6233BC0F1A21C8D200279A35 /* HomeViewController.swift */,
				6233BB811A21AB7500279A35 /* Images.xcassets */,
				6233BB831A21AB7500279A35 /* LaunchScreen.xib */,
				6233BB781A21AB7500279A35 /* Supporting Files */,
				6233BC091A21C64A00279A35 /* User.swift */,
			);
			path = ScrollForSushi;
			sourceTree = "<group>";
		};
		6233BB781A21AB7500279A35 /* Supporting Files */ = {
			isa = PBXGroup;
			children = (
				6233BB791A21AB7500279A35 /* Info.plist */,
			);
			name = "Supporting Files";
			sourceTree = "<group>";
		};
		6233BB8D1A21AB7500279A35 /* ScrollForSushiTests */ = {
			isa = PBXGroup;
			children = (
				6233BB901A21AB7500279A35 /* ScrollForSushiTests.swift */,
				6233BB8E1A21AB7500279A35 /* Supporting Files */,
			);
			path = ScrollForSushiTests;
			sourceTree = "<group>";
		};
		6233BB8E1A21AB7500279A35 /* Supporting Files */ = {
			isa = PBXGroup;
			children = (
				6233BB8F1A21AB7500279A35 /* Info.plist */,
			);
			name = "Supporting Files";
			sourceTree = "<group>";
		};
		6233BBE51A21C47100279A35 /* Frameworks */ = {
			isa = PBXGroup;
			children = (
				6233BBE61A21C47100279A35 /* WatchKit.framework */,
			);
			name = Frameworks;
			sourceTree = "<group>";
		};
		6233BBE81A21C47100279A35 /* ScrollForSushi WatchKit Extension */ = {
			isa = PBXGroup;
			children = (
				6233BBEC1A21C47100279A35 /* InterfaceController.swift */,
				6233BBEE1A21C47100279A35 /* NotificationController.swift */,
				6233BBF01A21C47100279A35 /* Images.xcassets */,
				6233BBE91A21C47100279A35 /* Supporting Files */,
			);
			path = "ScrollForSushi WatchKit Extension";
			sourceTree = "<group>";
		};
		6233BBE91A21C47100279A35 /* Supporting Files */ = {
			isa = PBXGroup;
			children = (
				6233BBEA1A21C47100279A35 /* Info.plist */,
				6233BBEB1A21C47100279A35 /* PushNotificationPayload.json */,
			);
			name = "Supporting Files";
			sourceTree = "<group>";
		};
		6233BBF81A21C47100279A35 /* ScrollForSushi Watch App */ = {
			isa = PBXGroup;
			children = (
				6233BBFB1A21C47100279A35 /* Interface.storyboard */,
				6233BBFD1A21C47100279A35 /* Images.xcassets */,
				6233BBF91A21C47100279A35 /* Supporting Files */,
			);
			path = "ScrollForSushi Watch App";
			sourceTree = "<group>";
		};
		6233BBF91A21C47100279A35 /* Supporting Files */ = {
			isa = PBXGroup;
			children = (
				6233BBFA1A21C47100279A35 /* Info.plist */,
			);
			name = "Supporting Files";
			sourceTree = "<group>";
		};
		62A6F2471A21E59600EDCB8B /* OAuth2 */ = {
			isa = PBXGroup;
			children = (
				62A6F2481A21E59600EDCB8B /* .gitignore */,
				62A6F2491A21E59600EDCB8B /* OAuth2 */,
				62A6F2521A21E59700EDCB8B /* OAuth2 Tests */,
				62A6F2561A21E59700EDCB8B /* OAuth2.xcodeproj */,
				62A6F2591A21E59700EDCB8B /* OAuth2.xcworkspace */,
				62A6F25A1A21E59700EDCB8B /* OSX.playground */,
				62A6F25B1A21E59700EDCB8B /* README.md */,
			);
			path = OAuth2;
			sourceTree = "<group>";
		};
		62A6F2491A21E59600EDCB8B /* OAuth2 */ = {
			isa = PBXGroup;
			children = (
				62A6F24A1A21E59600EDCB8B /* extensions.swift */,
				62A6F24B1A21E59700EDCB8B /* Info.plist */,
				62A6F24C1A21E59700EDCB8B /* OAuth2.h */,
				62A6F24D1A21E59700EDCB8B /* OAuth2.swift */,
				62A6F24E1A21E59700EDCB8B /* OAuth2CodeGrant.swift */,
				62A6F24F1A21E59700EDCB8B /* OAuth2ImplicitGrant.swift */,
				62A6F2501A21E59700EDCB8B /* OAuth2Request.swift */,
				62A6F2511A21E59700EDCB8B /* OAuth2WebViewController.swift */,
			);
			path = OAuth2;
			sourceTree = "<group>";
		};
		62A6F2521A21E59700EDCB8B /* OAuth2 Tests */ = {
			isa = PBXGroup;
			children = (
				62A6F2531A21E59700EDCB8B /* Info.plist */,
				62A6F2541A21E59700EDCB8B /* OAuth2_tests.swift */,
				62A6F2551A21E59700EDCB8B /* OAuth2CodeGrant_tests.swift */,
			);
			path = "OAuth2 Tests";
			sourceTree = "<group>";
		};
		62A6F2571A21E59700EDCB8B /* Products */ = {
			isa = PBXGroup;
			children = (
				62A6F26D1A21E59700EDCB8B /* OAuth2.framework */,
				62A6F26F1A21E59700EDCB8B /* OAuth2iOS.framework */,
				62A6F2711A21E59700EDCB8B /* OAuth2 Tests.xctest */,
			);
			name = Products;
			sourceTree = "<group>";
		};
/* End PBXGroup section */

/* Begin PBXNativeTarget section */
		6233BB741A21AB7500279A35 /* ScrollForSushi */ = {
			isa = PBXNativeTarget;
			buildConfigurationList = 6233BB941A21AB7500279A35 /* Build configuration list for PBXNativeTarget "ScrollForSushi" */;
			buildPhases = (
				6233BB711A21AB7500279A35 /* Sources */,
				6233BB721A21AB7500279A35 /* Frameworks */,
				6233BB731A21AB7500279A35 /* Resources */,
				6233BC081A21C47100279A35 /* Embed App Extensions */,
			);
			buildRules = (
			);
			dependencies = (
				6233BC001A21C47100279A35 /* PBXTargetDependency */,
			);
			name = ScrollForSushi;
			productName = ScrollForSushi;
			productReference = 6233BB751A21AB7500279A35 /* ScrollForSushi.app */;
			productType = "com.apple.product-type.application";
		};
		6233BB891A21AB7500279A35 /* ScrollForSushiTests */ = {
			isa = PBXNativeTarget;
			buildConfigurationList = 6233BB971A21AB7500279A35 /* Build configuration list for PBXNativeTarget "ScrollForSushiTests" */;
			buildPhases = (
				6233BB861A21AB7500279A35 /* Sources */,
				6233BB871A21AB7500279A35 /* Frameworks */,
				6233BB881A21AB7500279A35 /* Resources */,
			);
			buildRules = (
			);
			dependencies = (
				6233BB8C1A21AB7500279A35 /* PBXTargetDependency */,
			);
			name = ScrollForSushiTests;
			productName = ScrollForSushiTests;
			productReference = 6233BB8A1A21AB7500279A35 /* ScrollForSushiTests.xctest */;
			productType = "com.apple.product-type.bundle.unit-test";
		};
		6233BBE31A21C47100279A35 /* ScrollForSushi WatchKit Extension */ = {
			isa = PBXNativeTarget;
			buildConfigurationList = 6233BC051A21C47100279A35 /* Build configuration list for PBXNativeTarget "ScrollForSushi WatchKit Extension" */;
			buildPhases = (
				6233BBE01A21C47100279A35 /* Sources */,
				6233BBE11A21C47100279A35 /* Frameworks */,
				6233BBE21A21C47100279A35 /* Resources */,
			);
			buildRules = (
			);
			dependencies = (
				6233BBF71A21C47100279A35 /* PBXTargetDependency */,
			);
			name = "ScrollForSushi WatchKit Extension";
			productName = "ScrollForSushi WatchKit Extension";
			productReference = 6233BBE41A21C47100279A35 /* ScrollForSushi WatchKit Extension.appex */;
			productType = "com.apple.product-type.watchkit-extension";
		};
		6233BBF31A21C47100279A35 /* ScrollForSushi Watch App */ = {
			isa = PBXNativeTarget;
			buildConfigurationList = 6233BC021A21C47100279A35 /* Build configuration list for PBXNativeTarget "ScrollForSushi Watch App" */;
			buildPhases = (
				6233BBF21A21C47100279A35 /* Resources */,
			);
			buildRules = (
			);
			dependencies = (
			);
			name = "ScrollForSushi Watch App";
			productName = "ScrollForSushi Watch App";
			productReference = 6233BBF41A21C47100279A35 /* ScrollForSushi Watch App.app */;
			productType = "com.apple.product-type.application.watchapp";
		};
/* End PBXNativeTarget section */

/* Begin PBXProject section */
		6233BB6D1A21AB7500279A35 /* Project object */ = {
			isa = PBXProject;
			attributes = {
				LastUpgradeCheck = 0620;
				ORGANIZATIONNAME = madebycaro;
				TargetAttributes = {
					6233BB741A21AB7500279A35 = {
						CreatedOnToolsVersion = 6.2;
					};
					6233BB891A21AB7500279A35 = {
						CreatedOnToolsVersion = 6.2;
						TestTargetID = 6233BB741A21AB7500279A35;
					};
					6233BBE31A21C47100279A35 = {
						CreatedOnToolsVersion = 6.2;
					};
					6233BBF31A21C47100279A35 = {
						CreatedOnToolsVersion = 6.2;
					};
				};
			};
			buildConfigurationList = 6233BB701A21AB7500279A35 /* Build configuration list for PBXProject "ScrollForSushi" */;
			compatibilityVersion = "Xcode 3.2";
			developmentRegion = English;
			hasScannedForEncodings = 0;
			knownRegions = (
				en,
				Base,
			);
			mainGroup = 6233BB6C1A21AB7500279A35;
			productRefGroup = 6233BB761A21AB7500279A35 /* Products */;
			projectDirPath = "";
			projectReferences = (
				{
					ProductGroup = 62A6F2571A21E59700EDCB8B /* Products */;
					ProjectRef = 62A6F2561A21E59700EDCB8B /* OAuth2.xcodeproj */;
				},
			);
			projectRoot = "";
			targets = (
				6233BB741A21AB7500279A35 /* ScrollForSushi */,
				6233BB891A21AB7500279A35 /* ScrollForSushiTests */,
				6233BBE31A21C47100279A35 /* ScrollForSushi WatchKit Extension */,
				6233BBF31A21C47100279A35 /* ScrollForSushi Watch App */,
			);
		};
/* End PBXProject section */

/* Begin PBXReferenceProxy section */
		62A6F26D1A21E59700EDCB8B /* OAuth2.framework */ = {
			isa = PBXReferenceProxy;
			fileType = wrapper.framework;
			path = OAuth2.framework;
			remoteRef = 62A6F26C1A21E59700EDCB8B /* PBXContainerItemProxy */;
			sourceTree = BUILT_PRODUCTS_DIR;
		};
		62A6F26F1A21E59700EDCB8B /* OAuth2iOS.framework */ = {
			isa = PBXReferenceProxy;
			fileType = wrapper.framework;
			path = OAuth2iOS.framework;
			remoteRef = 62A6F26E1A21E59700EDCB8B /* PBXContainerItemProxy */;
			sourceTree = BUILT_PRODUCTS_DIR;
		};
		62A6F2711A21E59700EDCB8B /* OAuth2 Tests.xctest */ = {
			isa = PBXReferenceProxy;
			fileType = wrapper.cfbundle;
			path = "OAuth2 Tests.xctest";
			remoteRef = 62A6F2701A21E59700EDCB8B /* PBXContainerItemProxy */;
			sourceTree = BUILT_PRODUCTS_DIR;
		};
/* End PBXReferenceProxy section */

/* Begin PBXResourcesBuildPhase section */
		6233BB731A21AB7500279A35 /* Resources */ = {
			isa = PBXResourcesBuildPhase;
			buildActionMask = 2147483647;
			files = (
				62A6F2671A21E59700EDCB8B /* OAuth2.xcworkspace in Resources */,
				62A6F25C1A21E59700EDCB8B /* .gitignore in Resources */,
				6233BB801A21AB7500279A35 /* Main.storyboard in Resources */,
				62A6F2641A21E59700EDCB8B /* Info.plist in Resources */,
				6233BB851A21AB7500279A35 /* LaunchScreen.xib in Resources */,
				62A6F25E1A21E59700EDCB8B /* Info.plist in Resources */,
				6233BB821A21AB7500279A35 /* Images.xcassets in Resources */,
			);
			runOnlyForDeploymentPostprocessing = 0;
		};
		6233BB881A21AB7500279A35 /* Resources */ = {
			isa = PBXResourcesBuildPhase;
			buildActionMask = 2147483647;
			files = (
			);
			runOnlyForDeploymentPostprocessing = 0;
		};
		6233BBE21A21C47100279A35 /* Resources */ = {
			isa = PBXResourcesBuildPhase;
			buildActionMask = 2147483647;
			files = (
				6233BBF11A21C47100279A35 /* Images.xcassets in Resources */,
				6233BBF51A21C47100279A35 /* ScrollForSushi Watch App.app in Resources */,
			);
			runOnlyForDeploymentPostprocessing = 0;
		};
		6233BBF21A21C47100279A35 /* Resources */ = {
			isa = PBXResourcesBuildPhase;
			buildActionMask = 2147483647;
			files = (
				6233BBFC1A21C47100279A35 /* Interface.storyboard in Resources */,
				6233BBFE1A21C47100279A35 /* Images.xcassets in Resources */,
			);
			runOnlyForDeploymentPostprocessing = 0;
		};
/* End PBXResourcesBuildPhase section */

/* Begin PBXSourcesBuildPhase section */
		6233BB711A21AB7500279A35 /* Sources */ = {
			isa = PBXSourcesBuildPhase;
			buildActionMask = 2147483647;
			files = (
				62A6F2621A21E59700EDCB8B /* OAuth2Request.swift in Sources */,
				62A6F2601A21E59700EDCB8B /* OAuth2CodeGrant.swift in Sources */,
				62A6F2661A21E59700EDCB8B /* OAuth2CodeGrant_tests.swift in Sources */,
				62A6F2631A21E59700EDCB8B /* OAuth2WebViewController.swift in Sources */,
				62A6F2681A21E59700EDCB8B /* README.md in Sources */,
				62A6F25F1A21E59700EDCB8B /* OAuth2.swift in Sources */,
				62A6F25D1A21E59700EDCB8B /* extensions.swift in Sources */,
				6233BB7D1A21AB7500279A35 /* ViewController.swift in Sources */,
				6233BB7B1A21AB7500279A35 /* AppDelegate.swift in Sources */,
				6233BC0A1A21C64A00279A35 /* User.swift in Sources */,
				62A6F2611A21E59700EDCB8B /* OAuth2ImplicitGrant.swift in Sources */,
				6233BC101A21C8D200279A35 /* HomeViewController.swift in Sources */,
				62A6F2651A21E59700EDCB8B /* OAuth2_tests.swift in Sources */,
			);
			runOnlyForDeploymentPostprocessing = 0;
		};
		6233BB861A21AB7500279A35 /* Sources */ = {
			isa = PBXSourcesBuildPhase;
			buildActionMask = 2147483647;
			files = (
				6233BB911A21AB7500279A35 /* ScrollForSushiTests.swift in Sources */,
			);
			runOnlyForDeploymentPostprocessing = 0;
		};
		6233BBE01A21C47100279A35 /* Sources */ = {
			isa = PBXSourcesBuildPhase;
			buildActionMask = 2147483647;
			files = (
				6233BBEF1A21C47100279A35 /* NotificationController.swift in Sources */,
				6233BBED1A21C47100279A35 /* InterfaceController.swift in Sources */,
			);
			runOnlyForDeploymentPostprocessing = 0;
		};
/* End PBXSourcesBuildPhase section */

/* Begin PBXTargetDependency section */
		6233BB8C1A21AB7500279A35 /* PBXTargetDependency */ = {
			isa = PBXTargetDependency;
			target = 6233BB741A21AB7500279A35 /* ScrollForSushi */;
			targetProxy = 6233BB8B1A21AB7500279A35 /* PBXContainerItemProxy */;
		};
		6233BBF71A21C47100279A35 /* PBXTargetDependency */ = {
			isa = PBXTargetDependency;
			target = 6233BBF31A21C47100279A35 /* ScrollForSushi Watch App */;
			targetProxy = 6233BBF61A21C47100279A35 /* PBXContainerItemProxy */;
		};
		6233BC001A21C47100279A35 /* PBXTargetDependency */ = {
			isa = PBXTargetDependency;
			target = 6233BBE31A21C47100279A35 /* ScrollForSushi WatchKit Extension */;
			targetProxy = 6233BBFF1A21C47100279A35 /* PBXContainerItemProxy */;
		};
/* End PBXTargetDependency section */

/* Begin PBXVariantGroup section */
		6233BB7E1A21AB7500279A35 /* Main.storyboard */ = {
			isa = PBXVariantGroup;
			children = (
				6233BB7F1A21AB7500279A35 /* Base */,
			);
			name = Main.storyboard;
			sourceTree = "<group>";
		};
		6233BB831A21AB7500279A35 /* LaunchScreen.xib */ = {
			isa = PBXVariantGroup;
			children = (
				6233BB841A21AB7500279A35 /* Base */,
			);
			name = LaunchScreen.xib;
			sourceTree = "<group>";
		};
/* End PBXVariantGroup section */

/* Begin XCBuildConfiguration section */
		6233BB921A21AB7500279A35 /* Debug */ = {
			isa = XCBuildConfiguration;
			buildSettings = {
				ALWAYS_SEARCH_USER_PATHS = NO;
				CLANG_CXX_LANGUAGE_STANDARD = "gnu++0x";
				CLANG_CXX_LIBRARY = "libc++";
				CLANG_ENABLE_MODULES = YES;
				CLANG_ENABLE_OBJC_ARC = YES;
				CLANG_WARN_BOOL_CONVERSION = YES;
				CLANG_WARN_CONSTANT_CONVERSION = YES;
				CLANG_WARN_DIRECT_OBJC_ISA_USAGE = YES_ERROR;
				CLANG_WARN_EMPTY_BODY = YES;
				CLANG_WARN_ENUM_CONVERSION = YES;
				CLANG_WARN_INT_CONVERSION = YES;
				CLANG_WARN_OBJC_ROOT_CLASS = YES_ERROR;
				CLANG_WARN_UNREACHABLE_CODE = YES;
				CLANG_WARN__DUPLICATE_METHOD_MATCH = YES;
				"CODE_SIGN_IDENTITY[sdk=iphoneos*]" = "iPhone Developer";
				COPY_PHASE_STRIP = NO;
				ENABLE_STRICT_OBJC_MSGSEND = YES;
				GCC_C_LANGUAGE_STANDARD = gnu99;
				GCC_DYNAMIC_NO_PIC = NO;
				GCC_OPTIMIZATION_LEVEL = 0;
				GCC_PREPROCESSOR_DEFINITIONS = (
					"DEBUG=1",
					"$(inherited)",
				);
				GCC_SYMBOLS_PRIVATE_EXTERN = NO;
				GCC_WARN_64_TO_32_BIT_CONVERSION = YES;
				GCC_WARN_ABOUT_RETURN_TYPE = YES_ERROR;
				GCC_WARN_UNDECLARED_SELECTOR = YES;
				GCC_WARN_UNINITIALIZED_AUTOS = YES_AGGRESSIVE;
				GCC_WARN_UNUSED_FUNCTION = YES;
				GCC_WARN_UNUSED_VARIABLE = YES;
				IPHONEOS_DEPLOYMENT_TARGET = 8.2;
				MTL_ENABLE_DEBUG_INFO = YES;
				ONLY_ACTIVE_ARCH = YES;
				SDKROOT = iphoneos;
				SWIFT_OPTIMIZATION_LEVEL = "-Onone";
				TARGETED_DEVICE_FAMILY = "1,2";
			};
			name = Debug;
		};
		6233BB931A21AB7500279A35 /* Release */ = {
			isa = XCBuildConfiguration;
			buildSettings = {
				ALWAYS_SEARCH_USER_PATHS = NO;
				CLANG_CXX_LANGUAGE_STANDARD = "gnu++0x";
				CLANG_CXX_LIBRARY = "libc++";
				CLANG_ENABLE_MODULES = YES;
				CLANG_ENABLE_OBJC_ARC = YES;
				CLANG_WARN_BOOL_CONVERSION = YES;
				CLANG_WARN_CONSTANT_CONVERSION = YES;
				CLANG_WARN_DIRECT_OBJC_ISA_USAGE = YES_ERROR;
				CLANG_WARN_EMPTY_BODY = YES;
				CLANG_WARN_ENUM_CONVERSION = YES;
				CLANG_WARN_INT_CONVERSION = YES;
				CLANG_WARN_OBJC_ROOT_CLASS = YES_ERROR;
				CLANG_WARN_UNREACHABLE_CODE = YES;
				CLANG_WARN__DUPLICATE_METHOD_MATCH = YES;
				"CODE_SIGN_IDENTITY[sdk=iphoneos*]" = "iPhone Developer";
				COPY_PHASE_STRIP = YES;
				ENABLE_NS_ASSERTIONS = NO;
				ENABLE_STRICT_OBJC_MSGSEND = YES;
				GCC_C_LANGUAGE_STANDARD = gnu99;
				GCC_WARN_64_TO_32_BIT_CONVERSION = YES;
				GCC_WARN_ABOUT_RETURN_TYPE = YES_ERROR;
				GCC_WARN_UNDECLARED_SELECTOR = YES;
				GCC_WARN_UNINITIALIZED_AUTOS = YES_AGGRESSIVE;
				GCC_WARN_UNUSED_FUNCTION = YES;
				GCC_WARN_UNUSED_VARIABLE = YES;
				IPHONEOS_DEPLOYMENT_TARGET = 8.2;
				MTL_ENABLE_DEBUG_INFO = NO;
				SDKROOT = iphoneos;
				TARGETED_DEVICE_FAMILY = "1,2";
				VALIDATE_PRODUCT = YES;
			};
			name = Release;
		};
		6233BB951A21AB7500279A35 /* Debug */ = {
			isa = XCBuildConfiguration;
			buildSettings = {
				ASSETCATALOG_COMPILER_APPICON_NAME = AppIcon;
				EMBEDDED_CONTENT_CONTAINS_SWIFT = YES;
				INFOPLIST_FILE = ScrollForSushi/Info.plist;
				LD_RUNPATH_SEARCH_PATHS = "$(inherited) @executable_path/Frameworks";
				PRODUCT_NAME = "$(TARGET_NAME)";
				SWIFT_OBJC_BRIDGING_HEADER = "";
			};
			name = Debug;
		};
		6233BB961A21AB7500279A35 /* Release */ = {
			isa = XCBuildConfiguration;
			buildSettings = {
				ASSETCATALOG_COMPILER_APPICON_NAME = AppIcon;
				EMBEDDED_CONTENT_CONTAINS_SWIFT = YES;
				INFOPLIST_FILE = ScrollForSushi/Info.plist;
				LD_RUNPATH_SEARCH_PATHS = "$(inherited) @executable_path/Frameworks";
				PRODUCT_NAME = "$(TARGET_NAME)";
				SWIFT_OBJC_BRIDGING_HEADER = "";
			};
			name = Release;
		};
		6233BB981A21AB7500279A35 /* Debug */ = {
			isa = XCBuildConfiguration;
			buildSettings = {
				BUNDLE_LOADER = "$(TEST_HOST)";
				FRAMEWORK_SEARCH_PATHS = (
					"$(SDKROOT)/Developer/Library/Frameworks",
					"$(inherited)",
				);
				GCC_PREPROCESSOR_DEFINITIONS = (
					"DEBUG=1",
					"$(inherited)",
				);
				INFOPLIST_FILE = ScrollForSushiTests/Info.plist;
				LD_RUNPATH_SEARCH_PATHS = "$(inherited) @executable_path/Frameworks @loader_path/Frameworks";
				PRODUCT_NAME = "$(TARGET_NAME)";
				TEST_HOST = "$(BUILT_PRODUCTS_DIR)/ScrollForSushi.app/ScrollForSushi";
			};
			name = Debug;
		};
		6233BB991A21AB7500279A35 /* Release */ = {
			isa = XCBuildConfiguration;
			buildSettings = {
				BUNDLE_LOADER = "$(TEST_HOST)";
				FRAMEWORK_SEARCH_PATHS = (
					"$(SDKROOT)/Developer/Library/Frameworks",
					"$(inherited)",
				);
				INFOPLIST_FILE = ScrollForSushiTests/Info.plist;
				LD_RUNPATH_SEARCH_PATHS = "$(inherited) @executable_path/Frameworks @loader_path/Frameworks";
				PRODUCT_NAME = "$(TARGET_NAME)";
				TEST_HOST = "$(BUILT_PRODUCTS_DIR)/ScrollForSushi.app/ScrollForSushi";
			};
			name = Release;
		};
		6233BC031A21C47100279A35 /* Debug */ = {
			isa = XCBuildConfiguration;
			buildSettings = {
				ASSETCATALOG_COMPILER_APPICON_NAME = AppIcon;
				ASSETCATALOG_COMPILER_LAUNCHIMAGE_NAME = LaunchImage;
				GCC_PREPROCESSOR_DEFINITIONS = (
					"DEBUG=1",
					"$(inherited)",
				);
				IBSC_MODULE = ScrollForSushi_WatchKit_Extension;
				INFOPLIST_FILE = "ScrollForSushi Watch App/Info.plist";
				PRODUCT_NAME = "$(TARGET_NAME)";
				SKIP_INSTALL = YES;
				TARGETED_DEVICE_FAMILY = 4;
				"TARGETED_DEVICE_FAMILY[sdk=iphonesimulator*]" = "1,4";
			};
			name = Debug;
		};
		6233BC041A21C47100279A35 /* Release */ = {
			isa = XCBuildConfiguration;
			buildSettings = {
				ASSETCATALOG_COMPILER_APPICON_NAME = AppIcon;
				ASSETCATALOG_COMPILER_LAUNCHIMAGE_NAME = LaunchImage;
				IBSC_MODULE = ScrollForSushi_WatchKit_Extension;
				INFOPLIST_FILE = "ScrollForSushi Watch App/Info.plist";
				PRODUCT_NAME = "$(TARGET_NAME)";
				SKIP_INSTALL = YES;
				TARGETED_DEVICE_FAMILY = 4;
				"TARGETED_DEVICE_FAMILY[sdk=iphonesimulator*]" = "1,4";
			};
			name = Release;
		};
		6233BC061A21C47100279A35 /* Debug */ = {
			isa = XCBuildConfiguration;
			buildSettings = {
				GCC_PREPROCESSOR_DEFINITIONS = (
					"DEBUG=1",
					"$(inherited)",
				);
				INFOPLIST_FILE = "ScrollForSushi WatchKit Extension/Info.plist";
				LD_RUNPATH_SEARCH_PATHS = "$(inherited) @executable_path/Frameworks @executable_path/../../Frameworks";
				PRODUCT_NAME = "${TARGET_NAME}";
				SKIP_INSTALL = YES;
			};
			name = Debug;
		};
		6233BC071A21C47100279A35 /* Release */ = {
			isa = XCBuildConfiguration;
			buildSettings = {
				INFOPLIST_FILE = "ScrollForSushi WatchKit Extension/Info.plist";
				LD_RUNPATH_SEARCH_PATHS = "$(inherited) @executable_path/Frameworks @executable_path/../../Frameworks";
				PRODUCT_NAME = "${TARGET_NAME}";
				SKIP_INSTALL = YES;
			};
			name = Release;
		};
/* End XCBuildConfiguration section */

/* Begin XCConfigurationList section */
		6233BB701A21AB7500279A35 /* Build configuration list for PBXProject "ScrollForSushi" */ = {
			isa = XCConfigurationList;
			buildConfigurations = (
				6233BB921A21AB7500279A35 /* Debug */,
				6233BB931A21AB7500279A35 /* Release */,
			);
			defaultConfigurationIsVisible = 0;
			defaultConfigurationName = Release;
		};
		6233BB941A21AB7500279A35 /* Build configuration list for PBXNativeTarget "ScrollForSushi" */ = {
			isa = XCConfigurationList;
			buildConfigurations = (
				6233BB951A21AB7500279A35 /* Debug */,
				6233BB961A21AB7500279A35 /* Release */,
			);
			defaultConfigurationIsVisible = 0;
			defaultConfigurationName = Release;
		};
		6233BB971A21AB7500279A35 /* Build configuration list for PBXNativeTarget "ScrollForSushiTests" */ = {
			isa = XCConfigurationList;
			buildConfigurations = (
				6233BB981A21AB7500279A35 /* Debug */,
				6233BB991A21AB7500279A35 /* Release */,
			);
			defaultConfigurationIsVisible = 0;
			defaultConfigurationName = Release;
		};
		6233BC021A21C47100279A35 /* Build configuration list for PBXNativeTarget "ScrollForSushi Watch App" */ = {
			isa = XCConfigurationList;
			buildConfigurations = (
				6233BC031A21C47100279A35 /* Debug */,
				6233BC041A21C47100279A35 /* Release */,
			);
			defaultConfigurationIsVisible = 0;
			defaultConfigurationName = Release;
		};
		6233BC051A21C47100279A35 /* Build configuration list for PBXNativeTarget "ScrollForSushi WatchKit Extension" */ = {
			isa = XCConfigurationList;
			buildConfigurations = (
				6233BC061A21C47100279A35 /* Debug */,
				6233BC071A21C47100279A35 /* Release */,
			);
			defaultConfigurationIsVisible = 0;
			defaultConfigurationName = Release;
		};
/* End XCConfigurationList section */
	};
	rootObject = 6233BB6D1A21AB7500279A35 /* Project object */;
}
